
Microsoft Visual Studio Solution File, Format Version 12.00
# Visual Studio Version 16
VisualStudioVersion = 16.0.32228.343
MinimumVisualStudioVersion = 10.0.40219.1
Project("{FAE04EC0-301F-11D3-BF4B-00C04F79EFBC}") = "BookingClient", "BookingClient\BookingClient.csproj", "{8E3C180E-086C-4832-B6EF-D21AB52F6D8A}"
EndProject
Global
	GlobalSection(SolutionConfigurationPlatforms) = preSolution
		Debug|Any CPU = Debug|Any CPU
		Release|Any CPU = Release|Any CPU
	EndGlobalSection
	GlobalSection(ProjectConfigurationPlatforms) = postSolution
		{8E3C180E-086C-4832-B6EF-D21AB52F6D8A}.Debug|Any CPU.ActiveCfg = Debug|Any CPU
		{8E3C180E-086C-4832-B6EF-D21AB52F6D8A}.Debug|Any CPU.Build.0 = Debug|Any CPU
		{8E3C180E-086C-4832-B6EF-D21AB52F6D8A}.Release|Any CPU.ActiveCfg = Release|Any CPU
		{8E3C180E-086C-4832-B6EF-D21AB52F6D8A}.Release|Any CPU.Build.0 = Release|Any CPU
	EndGlobalSection
	GlobalSection(SolutionProperties) = preSolution
		HideSolutionNode = FALSE
	EndGlobalSection
	GlobalSection(ExtensibilityGlobals) = postSolution
		SolutionGuid = {1C22123F-0C70-4F9A-95DC-6CDE87468866}
	EndGlobalSection
EndGlobal
